// !$*UTF8*$!
{
	archiveVersion = 1;
	classes = {
	};
	objectVersion = 50;
	objects = {

/* Begin PBXBuildFile section */
		8C07DA3D2603419D00E9FE33 /* AppDelegate.swift in Sources */ = {isa = PBXBuildFile; fileRef = 8C07DA3C2603419D00E9FE33 /* AppDelegate.swift */; };
		8C07DA3F2603419D00E9FE33 /* SceneDelegate.swift in Sources */ = {isa = PBXBuildFile; fileRef = 8C07DA3E2603419D00E9FE33 /* SceneDelegate.swift */; };
		8C07DA442603419D00E9FE33 /* Main.storyboard in Resources */ = {isa = PBXBuildFile; fileRef = 8C07DA422603419D00E9FE33 /* Main.storyboard */; };
		8C07DA472603419D00E9FE33 /* XSBaseDialog.xcdatamodeld in Sources */ = {isa = PBXBuildFile; fileRef = 8C07DA452603419D00E9FE33 /* XSBaseDialog.xcdatamodeld */; };
		8C07DA492603419E00E9FE33 /* Assets.xcassets in Resources */ = {isa = PBXBuildFile; fileRef = 8C07DA482603419E00E9FE33 /* Assets.xcassets */; };
		8C07DA4C2603419E00E9FE33 /* LaunchScreen.storyboard in Resources */ = {isa = PBXBuildFile; fileRef = 8C07DA4A2603419E00E9FE33 /* LaunchScreen.storyboard */; };
		8C07DA572603419E00E9FE33 /* XSBaseDialogTests.swift in Sources */ = {isa = PBXBuildFile; fileRef = 8C07DA562603419E00E9FE33 /* XSBaseDialogTests.swift */; };
		8C07DA622603419E00E9FE33 /* XSBaseDialogUITests.swift in Sources */ = {isa = PBXBuildFile; fileRef = 8C07DA612603419E00E9FE33 /* XSBaseDialogUITests.swift */; };
		8C07DA972603427500E9FE33 /* XSBaseToastBaseViewController.swift in Sources */ = {isa = PBXBuildFile; fileRef = 8C07DA8B2603427500E9FE33 /* XSBaseToastBaseViewController.swift */; };
		8C07DA982603427500E9FE33 /* XSBaseToastContainerView.swift in Sources */ = {isa = PBXBuildFile; fileRef = 8C07DA8C2603427500E9FE33 /* XSBaseToastContainerView.swift */; };
		8C07DA992603427500E9FE33 /* XSBaseToastLevel.swift in Sources */ = {isa = PBXBuildFile; fileRef = 8C07DA8D2603427500E9FE33 /* XSBaseToastLevel.swift */; };
		8C07DA9A2603427500E9FE33 /* XSBaseToastTaskQueue.swift in Sources */ = {isa = PBXBuildFile; fileRef = 8C07DA8E2603427500E9FE33 /* XSBaseToastTaskQueue.swift */; };
		8C07DA9B2603427500E9FE33 /* XSBaseToastUtil.swift in Sources */ = {isa = PBXBuildFile; fileRef = 8C07DA8F2603427500E9FE33 /* XSBaseToastUtil.swift */; };
		8C07DA9C2603427500E9FE33 /* XSBaseToastView.swift in Sources */ = {isa = PBXBuildFile; fileRef = 8C07DA902603427500E9FE33 /* XSBaseToastView.swift */; };
		8C07DA9D2603427500E9FE33 /* XSBaseToastVendorExtension.swift in Sources */ = {isa = PBXBuildFile; fileRef = 8C07DA912603427500E9FE33 /* XSBaseToastVendorExtension.swift */; };
		8C07DA9E2603427500E9FE33 /* XSBaseToastWindow.swift in Sources */ = {isa = PBXBuildFile; fileRef = 8C07DA922603427500E9FE33 /* XSBaseToastWindow.swift */; };
		8C07DA9F2603427500E9FE33 /* XSBaseLoaddingView.swift in Sources */ = {isa = PBXBuildFile; fileRef = 8C07DA932603427500E9FE33 /* XSBaseLoaddingView.swift */; };
		8C07DAA02603427500E9FE33 /* XSBaseToastContentView.swift in Sources */ = {isa = PBXBuildFile; fileRef = 8C07DA942603427500E9FE33 /* XSBaseToastContentView.swift */; };
		8C07DAA12603427500E9FE33 /* XSBaseToastManager.swift in Sources */ = {isa = PBXBuildFile; fileRef = 8C07DA952603427500E9FE33 /* XSBaseToastManager.swift */; };
		8C07DAA22603427500E9FE33 /* XSBaseToastProtocol.swift in Sources */ = {isa = PBXBuildFile; fileRef = 8C07DA962603427500E9FE33 /* XSBaseToastProtocol.swift */; };
		8C07DAA82603427F00E9FE33 /* ViewController.swift in Sources */ = {isa = PBXBuildFile; fileRef = 8C07DAA62603427F00E9FE33 /* ViewController.swift */; };
		8C07DAA92603427F00E9FE33 /* ToastExampleViewController.swift in Sources */ = {isa = PBXBuildFile; fileRef = 8C07DAA72603427F00E9FE33 /* ToastExampleViewController.swift */; };
		8C07DAB126034EA900E9FE33 /* LoaddingExampleViewController.swift in Sources */ = {isa = PBXBuildFile; fileRef = 8C07DAB026034EA800E9FE33 /* LoaddingExampleViewController.swift */; };
/* End PBXBuildFile section */

/* Begin PBXContainerItemProxy section */
		8C07DA532603419E00E9FE33 /* PBXContainerItemProxy */ = {
			isa = PBXContainerItemProxy;
			containerPortal = 8C07DA312603419D00E9FE33 /* Project object */;
			proxyType = 1;
			remoteGlobalIDString = 8C07DA382603419D00E9FE33;
			remoteInfo = XSBaseDialog;
		};
		8C07DA5E2603419E00E9FE33 /* PBXContainerItemProxy */ = {
			isa = PBXContainerItemProxy;
			containerPortal = 8C07DA312603419D00E9FE33 /* Project object */;
			proxyType = 1;
			remoteGlobalIDString = 8C07DA382603419D00E9FE33;
			remoteInfo = XSBaseDialog;
		};
/* End PBXContainerItemProxy section */

/* Begin PBXFileReference section */
		8C07DA392603419D00E9FE33 /* XSBaseDialog.app */ = {isa = PBXFileReference; explicitFileType = wrapper.application; includeInIndex = 0; path = XSBaseDialog.app; sourceTree = BUILT_PRODUCTS_DIR; };
		8C07DA3C2603419D00E9FE33 /* AppDelegate.swift */ = {isa = PBXFileReference; lastKnownFileType = sourcecode.swift; path = AppDelegate.swift; sourceTree = "<group>"; };
		8C07DA3E2603419D00E9FE33 /* SceneDelegate.swift */ = {isa = PBXFileReference; lastKnownFileType = sourcecode.swift; path = SceneDelegate.swift; sourceTree = "<group>"; };
		8C07DA432603419D00E9FE33 /* Base */ = {isa = PBXFileReference; lastKnownFileType = file.storyboard; name = Base; path = Base.lproj/Main.storyboard; sourceTree = "<group>"; };
		8C07DA462603419D00E9FE33 /* XSBaseDialog.xcdatamodel */ = {isa = PBXFileReference; lastKnownFileType = wrapper.xcdatamodel; path = XSBaseDialog.xcdatamodel; sourceTree = "<group>"; };
		8C07DA482603419E00E9FE33 /* Assets.xcassets */ = {isa = PBXFileReference; lastKnownFileType = folder.assetcatalog; path = Assets.xcassets; sourceTree = "<group>"; };
		8C07DA4B2603419E00E9FE33 /* Base */ = {isa = PBXFileReference; lastKnownFileType = file.storyboard; name = Base; path = Base.lproj/LaunchScreen.storyboard; sourceTree = "<group>"; };
		8C07DA4D2603419E00E9FE33 /* Info.plist */ = {isa = PBXFileReference; lastKnownFileType = text.plist.xml; path = Info.plist; sourceTree = "<group>"; };
		8C07DA522603419E00E9FE33 /* XSBaseDialogTests.xctest */ = {isa = PBXFileReference; explicitFileType = wrapper.cfbundle; includeInIndex = 0; path = XSBaseDialogTests.xctest; sourceTree = BUILT_PRODUCTS_DIR; };
		8C07DA562603419E00E9FE33 /* XSBaseDialogTests.swift */ = {isa = PBXFileReference; lastKnownFileType = sourcecode.swift; path = XSBaseDialogTests.swift; sourceTree = "<group>"; };
		8C07DA582603419E00E9FE33 /* Info.plist */ = {isa = PBXFileReference; lastKnownFileType = text.plist.xml; path = Info.plist; sourceTree = "<group>"; };
		8C07DA5D2603419E00E9FE33 /* XSBaseDialogUITests.xctest */ = {isa = PBXFileReference; explicitFileType = wrapper.cfbundle; includeInIndex = 0; path = XSBaseDialogUITests.xctest; sourceTree = BUILT_PRODUCTS_DIR; };
		8C07DA612603419E00E9FE33 /* XSBaseDialogUITests.swift */ = {isa = PBXFileReference; lastKnownFileType = sourcecode.swift; path = XSBaseDialogUITests.swift; sourceTree = "<group>"; };
		8C07DA632603419E00E9FE33 /* Info.plist */ = {isa = PBXFileReference; lastKnownFileType = text.plist.xml; path = Info.plist; sourceTree = "<group>"; };
		8C07DA8B2603427500E9FE33 /* XSBaseToastBaseViewController.swift */ = {isa = PBXFileReference; fileEncoding = 4; lastKnownFileType = sourcecode.swift; path = XSBaseToastBaseViewController.swift; sourceTree = "<group>"; };
		8C07DA8C2603427500E9FE33 /* XSBaseToastContainerView.swift */ = {isa = PBXFileReference; fileEncoding = 4; lastKnownFileType = sourcecode.swift; path = XSBaseToastContainerView.swift; sourceTree = "<group>"; };
		8C07DA8D2603427500E9FE33 /* XSBaseToastLevel.swift */ = {isa = PBXFileReference; fileEncoding = 4; lastKnownFileType = sourcecode.swift; path = XSBaseToastLevel.swift; sourceTree = "<group>"; };
		8C07DA8E2603427500E9FE33 /* XSBaseToastTaskQueue.swift */ = {isa = PBXFileReference; fileEncoding = 4; lastKnownFileType = sourcecode.swift; path = XSBaseToastTaskQueue.swift; sourceTree = "<group>"; };
		8C07DA8F2603427500E9FE33 /* XSBaseToastUtil.swift */ = {isa = PBXFileReference; fileEncoding = 4; lastKnownFileType = sourcecode.swift; path = XSBaseToastUtil.swift; sourceTree = "<group>"; };
		8C07DA902603427500E9FE33 /* XSBaseToastView.swift */ = {isa = PBXFileReference; fileEncoding = 4; lastKnownFileType = sourcecode.swift; path = XSBaseToastView.swift; sourceTree = "<group>"; };
		8C07DA912603427500E9FE33 /* XSBaseToastVendorExtension.swift */ = {isa = PBXFileReference; fileEncoding = 4; lastKnownFileType = sourcecode.swift; path = XSBaseToastVendorExtension.swift; sourceTree = "<group>"; };
		8C07DA922603427500E9FE33 /* XSBaseToastWindow.swift */ = {isa = PBXFileReference; fileEncoding = 4; lastKnownFileType = sourcecode.swift; path = XSBaseToastWindow.swift; sourceTree = "<group>"; };
		8C07DA932603427500E9FE33 /* XSBaseLoaddingView.swift */ = {isa = PBXFileReference; fileEncoding = 4; lastKnownFileType = sourcecode.swift; path = XSBaseLoaddingView.swift; sourceTree = "<group>"; };
		8C07DA942603427500E9FE33 /* XSBaseToastContentView.swift */ = {isa = PBXFileReference; fileEncoding = 4; lastKnownFileType = sourcecode.swift; path = XSBaseToastContentView.swift; sourceTree = "<group>"; };
		8C07DA952603427500E9FE33 /* XSBaseToastManager.swift */ = {isa = PBXFileReference; fileEncoding = 4; lastKnownFileType = sourcecode.swift; path = XSBaseToastManager.swift; sourceTree = "<group>"; };
		8C07DA962603427500E9FE33 /* XSBaseToastProtocol.swift */ = {isa = PBXFileReference; fileEncoding = 4; lastKnownFileType = sourcecode.swift; path = XSBaseToastProtocol.swift; sourceTree = "<group>"; };
		8C07DAA62603427F00E9FE33 /* ViewController.swift */ = {isa = PBXFileReference; fileEncoding = 4; lastKnownFileType = sourcecode.swift; path = ViewController.swift; sourceTree = "<group>"; };
		8C07DAA72603427F00E9FE33 /* ToastExampleViewController.swift */ = {isa = PBXFileReference; fileEncoding = 4; lastKnownFileType = sourcecode.swift; path = ToastExampleViewController.swift; sourceTree = "<group>"; };
		8C07DAB026034EA800E9FE33 /* LoaddingExampleViewController.swift */ = {isa = PBXFileReference; lastKnownFileType = sourcecode.swift; path = LoaddingExampleViewController.swift; sourceTree = "<group>"; };
/* End PBXFileReference section */

/* Begin PBXFrameworksBuildPhase section */
		8C07DA362603419D00E9FE33 /* Frameworks */ = {
			isa = PBXFrameworksBuildPhase;
			buildActionMask = 2147483647;
			files = (
			);
			runOnlyForDeploymentPostprocessing = 0;
		};
		8C07DA4F2603419E00E9FE33 /* Frameworks */ = {
			isa = PBXFrameworksBuildPhase;
			buildActionMask = 2147483647;
			files = (
			);
			runOnlyForDeploymentPostprocessing = 0;
		};
		8C07DA5A2603419E00E9FE33 /* Frameworks */ = {
			isa = PBXFrameworksBuildPhase;
			buildActionMask = 2147483647;
			files = (
			);
			runOnlyForDeploymentPostprocessing = 0;
		};
/* End PBXFrameworksBuildPhase section */

/* Begin PBXGroup section */
		8C07DA302603419D00E9FE33 = {
			isa = PBXGroup;
			children = (
				8C07DA3B2603419D00E9FE33 /* XSBaseDialog */,
				8C07DA552603419E00E9FE33 /* XSBaseDialogTests */,
				8C07DA602603419E00E9FE33 /* XSBaseDialogUITests */,
				8C07DA3A2603419D00E9FE33 /* Products */,
			);
			sourceTree = "<group>";
		};
		8C07DA3A2603419D00E9FE33 /* Products */ = {
			isa = PBXGroup;
			children = (
				8C07DA392603419D00E9FE33 /* XSBaseDialog.app */,
				8C07DA522603419E00E9FE33 /* XSBaseDialogTests.xctest */,
				8C07DA5D2603419E00E9FE33 /* XSBaseDialogUITests.xctest */,
			);
			name = Products;
			sourceTree = "<group>";
		};
		8C07DA3B2603419D00E9FE33 /* XSBaseDialog */ = {
			isa = PBXGroup;
			children = (
				8C07DA872603424300E9FE33 /* Example */,
				8C07DA862603423700E9FE33 /* Dialog */,
				8C07DA3C2603419D00E9FE33 /* AppDelegate.swift */,
				8C07DA3E2603419D00E9FE33 /* SceneDelegate.swift */,
				8C07DA422603419D00E9FE33 /* Main.storyboard */,
				8C07DA482603419E00E9FE33 /* Assets.xcassets */,
				8C07DA4A2603419E00E9FE33 /* LaunchScreen.storyboard */,
				8C07DA4D2603419E00E9FE33 /* Info.plist */,
				8C07DA452603419D00E9FE33 /* XSBaseDialog.xcdatamodeld */,
			);
			path = XSBaseDialog;
			sourceTree = "<group>";
		};
		8C07DA552603419E00E9FE33 /* XSBaseDialogTests */ = {
			isa = PBXGroup;
			children = (
				8C07DA562603419E00E9FE33 /* XSBaseDialogTests.swift */,
				8C07DA582603419E00E9FE33 /* Info.plist */,
			);
			path = XSBaseDialogTests;
			sourceTree = "<group>";
		};
		8C07DA602603419E00E9FE33 /* XSBaseDialogUITests */ = {
			isa = PBXGroup;
			children = (
				8C07DA612603419E00E9FE33 /* XSBaseDialogUITests.swift */,
				8C07DA632603419E00E9FE33 /* Info.plist */,
			);
			path = XSBaseDialogUITests;
			sourceTree = "<group>";
		};
		8C07DA862603423700E9FE33 /* Dialog */ = {
			isa = PBXGroup;
			children = (
				8C07DA932603427500E9FE33 /* XSBaseLoaddingView.swift */,
				8C07DA8B2603427500E9FE33 /* XSBaseToastBaseViewController.swift */,
				8C07DA8C2603427500E9FE33 /* XSBaseToastContainerView.swift */,
				8C07DA942603427500E9FE33 /* XSBaseToastContentView.swift */,
				8C07DA8D2603427500E9FE33 /* XSBaseToastLevel.swift */,
				8C07DA952603427500E9FE33 /* XSBaseToastManager.swift */,
				8C07DA962603427500E9FE33 /* XSBaseToastProtocol.swift */,
				8C07DA8E2603427500E9FE33 /* XSBaseToastTaskQueue.swift */,
				8C07DA8F2603427500E9FE33 /* XSBaseToastUtil.swift */,
				8C07DA912603427500E9FE33 /* XSBaseToastVendorExtension.swift */,
				8C07DA902603427500E9FE33 /* XSBaseToastView.swift */,
				8C07DA922603427500E9FE33 /* XSBaseToastWindow.swift */,
			);
			path = Dialog;
			sourceTree = "<group>";
		};
		8C07DA872603424300E9FE33 /* Example */ = {
			isa = PBXGroup;
			children = (
				8C07DAA72603427F00E9FE33 /* ToastExampleViewController.swift */,
				8C07DAA62603427F00E9FE33 /* ViewController.swift */,
				8C07DAB026034EA800E9FE33 /* LoaddingExampleViewController.swift */,
			);
			path = Example;
			sourceTree = "<group>";
		};
/* End PBXGroup section */

/* Begin PBXNativeTarget section */
		8C07DA382603419D00E9FE33 /* XSBaseDialog */ = {
			isa = PBXNativeTarget;
			buildConfigurationList = 8C07DA662603419E00E9FE33 /* Build configuration list for PBXNativeTarget "XSBaseDialog" */;
			buildPhases = (
				8C07DA352603419D00E9FE33 /* Sources */,
				8C07DA362603419D00E9FE33 /* Frameworks */,
				8C07DA372603419D00E9FE33 /* Resources */,
			);
			buildRules = (
			);
			dependencies = (
			);
			name = XSBaseDialog;
			productName = XSBaseDialog;
			productReference = 8C07DA392603419D00E9FE33 /* XSBaseDialog.app */;
			productType = "com.apple.product-type.application";
		};
		8C07DA512603419E00E9FE33 /* XSBaseDialogTests */ = {
			isa = PBXNativeTarget;
			buildConfigurationList = 8C07DA692603419E00E9FE33 /* Build configuration list for PBXNativeTarget "XSBaseDialogTests" */;
			buildPhases = (
				8C07DA4E2603419E00E9FE33 /* Sources */,
				8C07DA4F2603419E00E9FE33 /* Frameworks */,
				8C07DA502603419E00E9FE33 /* Resources */,
			);
			buildRules = (
			);
			dependencies = (
				8C07DA542603419E00E9FE33 /* PBXTargetDependency */,
			);
			name = XSBaseDialogTests;
			productName = XSBaseDialogTests;
			productReference = 8C07DA522603419E00E9FE33 /* XSBaseDialogTests.xctest */;
			productType = "com.apple.product-type.bundle.unit-test";
		};
		8C07DA5C2603419E00E9FE33 /* XSBaseDialogUITests */ = {
			isa = PBXNativeTarget;
			buildConfigurationList = 8C07DA6C2603419E00E9FE33 /* Build configuration list for PBXNativeTarget "XSBaseDialogUITests" */;
			buildPhases = (
				8C07DA592603419E00E9FE33 /* Sources */,
				8C07DA5A2603419E00E9FE33 /* Frameworks */,
				8C07DA5B2603419E00E9FE33 /* Resources */,
			);
			buildRules = (
			);
			dependencies = (
				8C07DA5F2603419E00E9FE33 /* PBXTargetDependency */,
			);
			name = XSBaseDialogUITests;
			productName = XSBaseDialogUITests;
			productReference = 8C07DA5D2603419E00E9FE33 /* XSBaseDialogUITests.xctest */;
			productType = "com.apple.product-type.bundle.ui-testing";
		};
/* End PBXNativeTarget section */

/* Begin PBXProject section */
		8C07DA312603419D00E9FE33 /* Project object */ = {
			isa = PBXProject;
			attributes = {
				LastSwiftUpdateCheck = 1220;
				LastUpgradeCheck = 1220;
				TargetAttributes = {
					8C07DA382603419D00E9FE33 = {
						CreatedOnToolsVersion = 12.2;
					};
					8C07DA512603419E00E9FE33 = {
						CreatedOnToolsVersion = 12.2;
						TestTargetID = 8C07DA382603419D00E9FE33;
					};
					8C07DA5C2603419E00E9FE33 = {
						CreatedOnToolsVersion = 12.2;
						TestTargetID = 8C07DA382603419D00E9FE33;
					};
				};
			};
			buildConfigurationList = 8C07DA342603419D00E9FE33 /* Build configuration list for PBXProject "XSBaseDialog" */;
			compatibilityVersion = "Xcode 9.3";
			developmentRegion = en;
			hasScannedForEncodings = 0;
			knownRegions = (
				en,
				Base,
			);
			mainGroup = 8C07DA302603419D00E9FE33;
			productRefGroup = 8C07DA3A2603419D00E9FE33 /* Products */;
			projectDirPath = "";
			projectRoot = "";
			targets = (
				8C07DA382603419D00E9FE33 /* XSBaseDialog */,
				8C07DA512603419E00E9FE33 /* XSBaseDialogTests */,
				8C07DA5C2603419E00E9FE33 /* XSBaseDialogUITests */,
			);
		};
/* End PBXProject section */

/* Begin PBXResourcesBuildPhase section */
		8C07DA372603419D00E9FE33 /* Resources */ = {
			isa = PBXResourcesBuildPhase;
			buildActionMask = 2147483647;
			files = (
				8C07DA4C2603419E00E9FE33 /* LaunchScreen.storyboard in Resources */,
				8C07DA492603419E00E9FE33 /* Assets.xcassets in Resources */,
				8C07DA442603419D00E9FE33 /* Main.storyboard in Resources */,
			);
			runOnlyForDeploymentPostprocessing = 0;
		};
		8C07DA502603419E00E9FE33 /* Resources */ = {
			isa = PBXResourcesBuildPhase;
			buildActionMask = 2147483647;
			files = (
			);
			runOnlyForDeploymentPostprocessing = 0;
		};
		8C07DA5B2603419E00E9FE33 /* Resources */ = {
			isa = PBXResourcesBuildPhase;
			buildActionMask = 2147483647;
			files = (
			);
			runOnlyForDeploymentPostprocessing = 0;
		};
/* End PBXResourcesBuildPhase section */

/* Begin PBXSourcesBuildPhase section */
		8C07DA352603419D00E9FE33 /* Sources */ = {
			isa = PBXSourcesBuildPhase;
			buildActionMask = 2147483647;
			files = (
				8C07DA3D2603419D00E9FE33 /* AppDelegate.swift in Sources */,
				8C07DAA12603427500E9FE33 /* XSBaseToastManager.swift in Sources */,
				8C07DA972603427500E9FE33 /* XSBaseToastBaseViewController.swift in Sources */,
				8C07DAA92603427F00E9FE33 /* ToastExampleViewController.swift in Sources */,
				8C07DA9F2603427500E9FE33 /* XSBaseLoaddingView.swift in Sources */,
				8C07DAB126034EA900E9FE33 /* LoaddingExampleViewController.swift in Sources */,
				8C07DA9A2603427500E9FE33 /* XSBaseToastTaskQueue.swift in Sources */,
				8C07DA982603427500E9FE33 /* XSBaseToastContainerView.swift in Sources */,
				8C07DA9D2603427500E9FE33 /* XSBaseToastVendorExtension.swift in Sources */,
				8C07DAA02603427500E9FE33 /* XSBaseToastContentView.swift in Sources */,
				8C07DA3F2603419D00E9FE33 /* SceneDelegate.swift in Sources */,
				8C07DA992603427500E9FE33 /* XSBaseToastLevel.swift in Sources */,
				8C07DA9C2603427500E9FE33 /* XSBaseToastView.swift in Sources */,
				8C07DA472603419D00E9FE33 /* XSBaseDialog.xcdatamodeld in Sources */,
				8C07DA9E2603427500E9FE33 /* XSBaseToastWindow.swift in Sources */,
				8C07DAA22603427500E9FE33 /* XSBaseToastProtocol.swift in Sources */,
				8C07DAA82603427F00E9FE33 /* ViewController.swift in Sources */,
				8C07DA9B2603427500E9FE33 /* XSBaseToastUtil.swift in Sources */,
			);
			runOnlyForDeploymentPostprocessing = 0;
		};
		8C07DA4E2603419E00E9FE33 /* Sources */ = {
			isa = PBXSourcesBuildPhase;
			buildActionMask = 2147483647;
			files = (
				8C07DA572603419E00E9FE33 /* XSBaseDialogTests.swift in Sources */,
			);
			runOnlyForDeploymentPostprocessing = 0;
		};
		8C07DA592603419E00E9FE33 /* Sources */ = {
			isa = PBXSourcesBuildPhase;
			buildActionMask = 2147483647;
			files = (
				8C07DA622603419E00E9FE33 /* XSBaseDialogUITests.swift in Sources */,
			);
			runOnlyForDeploymentPostprocessing = 0;
		};
/* End PBXSourcesBuildPhase section */

/* Begin PBXTargetDependency section */
		8C07DA542603419E00E9FE33 /* PBXTargetDependency */ = {
			isa = PBXTargetDependency;
			target = 8C07DA382603419D00E9FE33 /* XSBaseDialog */;
			targetProxy = 8C07DA532603419E00E9FE33 /* PBXContainerItemProxy */;
		};
		8C07DA5F2603419E00E9FE33 /* PBXTargetDependency */ = {
			isa = PBXTargetDependency;
			target = 8C07DA382603419D00E9FE33 /* XSBaseDialog */;
			targetProxy = 8C07DA5E2603419E00E9FE33 /* PBXContainerItemProxy */;
		};
/* End PBXTargetDependency section */

/* Begin PBXVariantGroup section */
		8C07DA422603419D00E9FE33 /* Main.storyboard */ = {
			isa = PBXVariantGroup;
			children = (
				8C07DA432603419D00E9FE33 /* Base */,
			);
			name = Main.storyboard;
			sourceTree = "<group>";
		};
		8C07DA4A2603419E00E9FE33 /* LaunchScreen.storyboard */ = {
			isa = PBXVariantGroup;
			children = (
				8C07DA4B2603419E00E9FE33 /* Base */,
			);
			name = LaunchScreen.storyboard;
			sourceTree = "<group>";
		};
/* End PBXVariantGroup section */

/* Begin XCBuildConfiguration section */
		8C07DA642603419E00E9FE33 /* Debug */ = {
			isa = XCBuildConfiguration;
			buildSettings = {
				ALWAYS_SEARCH_USER_PATHS = NO;
				CLANG_ANALYZER_NONNULL = YES;
				CLANG_ANALYZER_NUMBER_OBJECT_CONVERSION = YES_AGGRESSIVE;
				CLANG_CXX_LANGUAGE_STANDARD = "gnu++14";
				CLANG_CXX_LIBRARY = "libc++";
				CLANG_ENABLE_MODULES = YES;
				CLANG_ENABLE_OBJC_ARC = YES;
				CLANG_ENABLE_OBJC_WEAK = YES;
				CLANG_WARN_BLOCK_CAPTURE_AUTORELEASING = YES;
				CLANG_WARN_BOOL_CONVERSION = YES;
				CLANG_WARN_COMMA = YES;
				CLANG_WARN_CONSTANT_CONVERSION = YES;
				CLANG_WARN_DEPRECATED_OBJC_IMPLEMENTATIONS = YES;
				CLANG_WARN_DIRECT_OBJC_ISA_USAGE = YES_ERROR;
				CLANG_WARN_DOCUMENTATION_COMMENTS = YES;
				CLANG_WARN_EMPTY_BODY = YES;
				CLANG_WARN_ENUM_CONVERSION = YES;
				CLANG_WARN_INFINITE_RECURSION = YES;
				CLANG_WARN_INT_CONVERSION = YES;
				CLANG_WARN_NON_LITERAL_NULL_CONVERSION = YES;
				CLANG_WARN_OBJC_IMPLICIT_RETAIN_SELF = YES;
				CLANG_WARN_OBJC_LITERAL_CONVERSION = YES;
				CLANG_WARN_OBJC_ROOT_CLASS = YES_ERROR;
				CLANG_WARN_QUOTED_INCLUDE_IN_FRAMEWORK_HEADER = YES;
				CLANG_WARN_RANGE_LOOP_ANALYSIS = YES;
				CLANG_WARN_STRICT_PROTOTYPES = YES;
				CLANG_WARN_SUSPICIOUS_MOVE = YES;
				CLANG_WARN_UNGUARDED_AVAILABILITY = YES_AGGRESSIVE;
				CLANG_WARN_UNREACHABLE_CODE = YES;
				CLANG_WARN__DUPLICATE_METHOD_MATCH = YES;
				COPY_PHASE_STRIP = NO;
				DEBUG_INFORMATION_FORMAT = dwarf;
				ENABLE_STRICT_OBJC_MSGSEND = YES;
				ENABLE_TESTABILITY = YES;
				GCC_C_LANGUAGE_STANDARD = gnu11;
				GCC_DYNAMIC_NO_PIC = NO;
				GCC_NO_COMMON_BLOCKS = YES;
				GCC_OPTIMIZATION_LEVEL = 0;
				GCC_PREPROCESSOR_DEFINITIONS = (
					"DEBUG=1",
					"$(inherited)",
				);
				GCC_WARN_64_TO_32_BIT_CONVERSION = YES;
				GCC_WARN_ABOUT_RETURN_TYPE = YES_ERROR;
				GCC_WARN_UNDECLARED_SELECTOR = YES;
				GCC_WARN_UNINITIALIZED_AUTOS = YES_AGGRESSIVE;
				GCC_WARN_UNUSED_FUNCTION = YES;
				GCC_WARN_UNUSED_VARIABLE = YES;
				IPHONEOS_DEPLOYMENT_TARGET = 14.2;
				MTL_ENABLE_DEBUG_INFO = INCLUDE_SOURCE;
				MTL_FAST_MATH = YES;
				ONLY_ACTIVE_ARCH = YES;
				SDKROOT = iphoneos;
				SWIFT_ACTIVE_COMPILATION_CONDITIONS = DEBUG;
				SWIFT_OPTIMIZATION_LEVEL = "-Onone";
			};
			name = Debug;
		};
		8C07DA652603419E00E9FE33 /* Release */ = {
			isa = XCBuildConfiguration;
			buildSettings = {
				ALWAYS_SEARCH_USER_PATHS = NO;
				CLANG_ANALYZER_NONNULL = YES;
				CLANG_ANALYZER_NUMBER_OBJECT_CONVERSION = YES_AGGRESSIVE;
				CLANG_CXX_LANGUAGE_STANDARD = "gnu++14";
				CLANG_CXX_LIBRARY = "libc++";
				CLANG_ENABLE_MODULES = YES;
				CLANG_ENABLE_OBJC_ARC = YES;
				CLANG_ENABLE_OBJC_WEAK = YES;
				CLANG_WARN_BLOCK_CAPTURE_AUTORELEASING = YES;
				CLANG_WARN_BOOL_CONVERSION = YES;
				CLANG_WARN_COMMA = YES;
				CLANG_WARN_CONSTANT_CONVERSION = YES;
				CLANG_WARN_DEPRECATED_OBJC_IMPLEMENTATIONS = YES;
				CLANG_WARN_DIRECT_OBJC_ISA_USAGE = YES_ERROR;
				CLANG_WARN_DOCUMENTATION_COMMENTS = YES;
				CLANG_WARN_EMPTY_BODY = YES;
				CLANG_WARN_ENUM_CONVERSION = YES;
				CLANG_WARN_INFINITE_RECURSION = YES;
				CLANG_WARN_INT_CONVERSION = YES;
				CLANG_WARN_NON_LITERAL_NULL_CONVERSION = YES;
				CLANG_WARN_OBJC_IMPLICIT_RETAIN_SELF = YES;
				CLANG_WARN_OBJC_LITERAL_CONVERSION = YES;
				CLANG_WARN_OBJC_ROOT_CLASS = YES_ERROR;
				CLANG_WARN_QUOTED_INCLUDE_IN_FRAMEWORK_HEADER = YES;
				CLANG_WARN_RANGE_LOOP_ANALYSIS = YES;
				CLANG_WARN_STRICT_PROTOTYPES = YES;
				CLANG_WARN_SUSPICIOUS_MOVE = YES;
				CLANG_WARN_UNGUARDED_AVAILABILITY = YES_AGGRESSIVE;
				CLANG_WARN_UNREACHABLE_CODE = YES;
				CLANG_WARN__DUPLICATE_METHOD_MATCH = YES;
				COPY_PHASE_STRIP = NO;
				DEBUG_INFORMATION_FORMAT = "dwarf-with-dsym";
				ENABLE_NS_ASSERTIONS = NO;
				ENABLE_STRICT_OBJC_MSGSEND = YES;
				GCC_C_LANGUAGE_STANDARD = gnu11;
				GCC_NO_COMMON_BLOCKS = YES;
				GCC_WARN_64_TO_32_BIT_CONVERSION = YES;
				GCC_WARN_ABOUT_RETURN_TYPE = YES_ERROR;
				GCC_WARN_UNDECLARED_SELECTOR = YES;
				GCC_WARN_UNINITIALIZED_AUTOS = YES_AGGRESSIVE;
				GCC_WARN_UNUSED_FUNCTION = YES;
				GCC_WARN_UNUSED_VARIABLE = YES;
				IPHONEOS_DEPLOYMENT_TARGET = 14.2;
				MTL_ENABLE_DEBUG_INFO = NO;
				MTL_FAST_MATH = YES;
				SDKROOT = iphoneos;
				SWIFT_COMPILATION_MODE = wholemodule;
				SWIFT_OPTIMIZATION_LEVEL = "-O";
				VALIDATE_PRODUCT = YES;
			};
			name = Release;
		};
		8C07DA672603419E00E9FE33 /* Debug */ = {
			isa = XCBuildConfiguration;
			buildSettings = {
				ASSETCATALOG_COMPILER_APPICON_NAME = AppIcon;
				ASSETCATALOG_COMPILER_GLOBAL_ACCENT_COLOR_NAME = AccentColor;
				CODE_SIGN_STYLE = Automatic;
				CURRENT_PROJECT_VERSION = 10;
				DEVELOPMENT_TEAM = R739Q9S6CR;
				INFOPLIST_FILE = XSBaseDialog/Info.plist;
				IPHONEOS_DEPLOYMENT_TARGET = 10.0;
				LD_RUNPATH_SEARCH_PATHS = (
					"$(inherited)",
					"@executable_path/Frameworks",
				);
				MARKETING_VERSION = 1.1.0;
				PRODUCT_BUNDLE_IDENTIFIER = com.xuesong.XSBaseDialog;
				PRODUCT_NAME = "$(TARGET_NAME)";
				SWIFT_VERSION = 5.0;
				TARGETED_DEVICE_FAMILY = "1,2";
			};
			name = Debug;
		};
		8C07DA682603419E00E9FE33 /* Release */ = {
			isa = XCBuildConfiguration;
			buildSettings = {
				ASSETCATALOG_COMPILER_APPICON_NAME = AppIcon;
				ASSETCATALOG_COMPILER_GLOBAL_ACCENT_COLOR_NAME = AccentColor;
				CODE_SIGN_STYLE = Automatic;
				CURRENT_PROJECT_VERSION = 10;
				DEVELOPMENT_TEAM = R739Q9S6CR;
				INFOPLIST_FILE = XSBaseDialog/Info.plist;
				IPHONEOS_DEPLOYMENT_TARGET = 10.0;
				LD_RUNPATH_SEARCH_PATHS = (
					"$(inherited)",
					"@executable_path/Frameworks",
				);
				MARKETING_VERSION = 1.1.0;
				PRODUCT_BUNDLE_IDENTIFIER = com.xuesong.XSBaseDialog;
				PRODUCT_NAME = "$(TARGET_NAME)";
				SWIFT_VERSION = 5.0;
				TARGETED_DEVICE_FAMILY = "1,2";
			};
			name = Release;
		};
		8C07DA6A2603419E00E9FE33 /* Debug */ = {
			isa = XCBuildConfiguration;
			buildSettings = {
				ALWAYS_EMBED_SWIFT_STANDARD_LIBRARIES = YES;
				BUNDLE_LOADER = "$(TEST_HOST)";
				CODE_SIGN_STYLE = Automatic;
				DEVELOPMENT_TEAM = R739Q9S6CR;
				INFOPLIST_FILE = XSBaseDialogTests/Info.plist;
				IPHONEOS_DEPLOYMENT_TARGET = 14.2;
				LD_RUNPATH_SEARCH_PATHS = (
					"$(inherited)",
					"@executable_path/Frameworks",
					"@loader_path/Frameworks",
				);
				PRODUCT_BUNDLE_IDENTIFIER = com.xuesong.XSBaseDialogTests;
				PRODUCT_NAME = "$(TARGET_NAME)";
				SWIFT_VERSION = 5.0;
				TARGETED_DEVICE_FAMILY = "1,2";
				TEST_HOST = "$(BUILT_PRODUCTS_DIR)/XSBaseDialog.app/XSBaseDialog";
			};
			name = Debug;
		};
		8C07DA6B2603419E00E9FE33 /* Release */ = {
			isa = XCBuildConfiguration;
			buildSettings = {
				ALWAYS_EMBED_SWIFT_STANDARD_LIBRARIES = YES;
				BUNDLE_LOADER = "$(TEST_HOST)";
				CODE_SIGN_STYLE = Automatic;
				DEVELOPMENT_TEAM = R739Q9S6CR;
				INFOPLIST_FILE = XSBaseDialogTests/Info.plist;
				IPHONEOS_DEPLOYMENT_TARGET = 14.2;
				LD_RUNPATH_SEARCH_PATHS = (
					"$(inherited)",
					"@executable_path/Frameworks",
					"@loader_path/Frameworks",
				);
				PRODUCT_BUNDLE_IDENTIFIER = com.xuesong.XSBaseDialogTests;
				PRODUCT_NAME = "$(TARGET_NAME)";
				SWIFT_VERSION = 5.0;
				TARGETED_DEVICE_FAMILY = "1,2";
				TEST_HOST = "$(BUILT_PRODUCTS_DIR)/XSBaseDialog.app/XSBaseDialog";
			};
			name = Release;
		};
		8C07DA6D2603419E00E9FE33 /* Debug */ = {
			isa = XCBuildConfiguration;
			buildSettings = {
				ALWAYS_EMBED_SWIFT_STANDARD_LIBRARIES = YES;
				CODE_SIGN_STYLE = Automatic;
				DEVELOPMENT_TEAM = R739Q9S6CR;
				INFOPLIST_FILE = XSBaseDialogUITests/Info.plist;
				LD_RUNPATH_SEARCH_PATHS = (
					"$(inherited)",
					"@executable_path/Frameworks",
					"@loader_path/Frameworks",
				);
				PRODUCT_BUNDLE_IDENTIFIER = com.xuesong.XSBaseDialogUITests;
				PRODUCT_NAME = "$(TARGET_NAME)";
				SWIFT_VERSION = 5.0;
				TARGETED_DEVICE_FAMILY = "1,2";
				TEST_TARGET_NAME = XSBaseDialog;
			};
			name = Debug;
		};
		8C07DA6E2603419E00E9FE33 /* Release */ = {
			isa = XCBuildConfiguration;
			buildSettings = {
				ALWAYS_EMBED_SWIFT_STANDARD_LIBRARIES = YES;
				CODE_SIGN_STYLE = Automatic;
				DEVELOPMENT_TEAM = R739Q9S6CR;
				INFOPLIST_FILE = XSBaseDialogUITests/Info.plist;
				LD_RUNPATH_SEARCH_PATHS = (
					"$(inherited)",
					"@executable_path/Frameworks",
					"@loader_path/Frameworks",
				);
				PRODUCT_BUNDLE_IDENTIFIER = com.xuesong.XSBaseDialogUITests;
				PRODUCT_NAME = "$(TARGET_NAME)";
				SWIFT_VERSION = 5.0;
				TARGETED_DEVICE_FAMILY = "1,2";
				TEST_TARGET_NAME = XSBaseDialog;
			};
			name = Release;
		};
/* End XCBuildConfiguration section */

/* Begin XCConfigurationList section */
		8C07DA342603419D00E9FE33 /* Build configuration list for PBXProject "XSBaseDialog" */ = {
			isa = XCConfigurationList;
			buildConfigurations = (
				8C07DA642603419E00E9FE33 /* Debug */,
				8C07DA652603419E00E9FE33 /* Release */,
			);
			defaultConfigurationIsVisible = 0;
			defaultConfigurationName = Release;
		};
		8C07DA662603419E00E9FE33 /* Build configuration list for PBXNativeTarget "XSBaseDialog" */ = {
			isa = XCConfigurationList;
			buildConfigurations = (
				8C07DA672603419E00E9FE33 /* Debug */,
				8C07DA682603419E00E9FE33 /* Release */,
			);
			defaultConfigurationIsVisible = 0;
			defaultConfigurationName = Release;
		};
		8C07DA692603419E00E9FE33 /* Build configuration list for PBXNativeTarget "XSBaseDialogTests" */ = {
			isa = XCConfigurationList;
			buildConfigurations = (
				8C07DA6A2603419E00E9FE33 /* Debug */,
				8C07DA6B2603419E00E9FE33 /* Release */,
			);
			defaultConfigurationIsVisible = 0;
			defaultConfigurationName = Release;
		};
		8C07DA6C2603419E00E9FE33 /* Build configuration list for PBXNativeTarget "XSBaseDialogUITests" */ = {
			isa = XCConfigurationList;
			buildConfigurations = (
				8C07DA6D2603419E00E9FE33 /* Debug */,
				8C07DA6E2603419E00E9FE33 /* Release */,
			);
			defaultConfigurationIsVisible = 0;
			defaultConfigurationName = Release;
		};
/* End XCConfigurationList section */

/* Begin XCVersionGroup section */
		8C07DA452603419D00E9FE33 /* XSBaseDialog.xcdatamodeld */ = {
			isa = XCVersionGroup;
			children = (
				8C07DA462603419D00E9FE33 /* XSBaseDialog.xcdatamodel */,
			);
			currentVersion = 8C07DA462603419D00E9FE33 /* XSBaseDialog.xcdatamodel */;
			path = XSBaseDialog.xcdatamodeld;
			sourceTree = "<group>";
			versionGroupType = wrapper.xcdatamodel;
		};
/* End XCVersionGroup section */
	};
	rootObject = 8C07DA312603419D00E9FE33 /* Project object */;
}
